
Microsoft Visual Studio Solution File, Format Version 12.00
# Visual Studio Version 17
VisualStudioVersion = 17.2.32526.322
MinimumVisualStudioVersion = 10.0.40219.1
Project("{FAE04EC0-301F-11D3-BF4B-00C04F79EFBC}") = "Meeting-app", "Meeting-app\Meeting-app.csproj", "{9631574B-7915-4BA5-B9F5-50438AF09BAB}"
EndProject
Global
	GlobalSection(SolutionConfigurationPlatforms) = preSolution
		Debug|Any CPU = Debug|Any CPU
		Release|Any CPU = Release|Any CPU
	EndGlobalSection
	GlobalSection(ProjectConfigurationPlatforms) = postSolution
		{9631574B-7915-4BA5-B9F5-50438AF09BAB}.Debug|Any CPU.ActiveCfg = Debug|Any CPU
		{9631574B-7915-4BA5-B9F5-50438AF09BAB}.Debug|Any CPU.Build.0 = Debug|Any CPU
		{9631574B-7915-4BA5-B9F5-50438AF09BAB}.Release|Any CPU.ActiveCfg = Release|Any CPU
		{9631574B-7915-4BA5-B9F5-50438AF09BAB}.Release|Any CPU.Build.0 = Release|Any CPU
	EndGlobalSection
	GlobalSection(SolutionProperties) = preSolution
		HideSolutionNode = FALSE
	EndGlobalSection
	GlobalSection(ExtensibilityGlobals) = postSolution
		SolutionGuid = {E4B45554-CD74-4806-8C41-EDEC408C5778}
	EndGlobalSection
EndGlobal
